
Microsoft Visual Studio Solution File, Format Version 12.00
# Visual Studio 2013
VisualStudioVersion = 12.0.30501.0
MinimumVisualStudioVersion = 10.0.40219.1
Project("{FAE04EC0-301F-11D3-BF4B-00C04F79EFBC}") = "Tron", "Tron\Tron\Tron.csproj", "{88DA6B9B-5D8E-41AC-B272-7E836A499CBC}"
EndProject
Project("{FAE04EC0-301F-11D3-BF4B-00C04F79EFBC}") = "TronContent", "Tron\TronContent\TronContent.contentproj", "{A0B866DF-CC89-4EC6-9EB6-5EF4F874D2BC}"
EndProject
Project("{FAE04EC0-301F-11D3-BF4B-00C04F79EFBC}") = "TronServer", "Tron\TronServer\TronServer.csproj", "{F7F8100C-59D6-4734-8139-2EC13B76A31F}"
EndProject
Global
	GlobalSection(SolutionConfigurationPlatforms) = preSolution
		Debug|Any CPU = Debug|Any CPU
		Debug|Mixed Platforms = Debug|Mixed Platforms
		Debug|x86 = Debug|x86
		Release|Any CPU = Release|Any CPU
		Release|Mixed Platforms = Release|Mixed Platforms
		Release|x86 = Release|x86
	EndGlobalSection
	GlobalSection(ProjectConfigurationPlatforms) = postSolution
		{88DA6B9B-5D8E-41AC-B272-7E836A499CBC}.Debug|Any CPU.ActiveCfg = Debug|x86
		{88DA6B9B-5D8E-41AC-B272-7E836A499CBC}.Debug|Mixed Platforms.ActiveCfg = Debug|x86
		{88DA6B9B-5D8E-41AC-B272-7E836A499CBC}.Debug|Mixed Platforms.Build.0 = Debug|x86
		{88DA6B9B-5D8E-41AC-B272-7E836A499CBC}.Debug|x86.ActiveCfg = Debug|x86
		{88DA6B9B-5D8E-41AC-B272-7E836A499CBC}.Debug|x86.Build.0 = Debug|x86
		{88DA6B9B-5D8E-41AC-B272-7E836A499CBC}.Release|Any CPU.ActiveCfg = Release|x86
		{88DA6B9B-5D8E-41AC-B272-7E836A499CBC}.Release|Mixed Platforms.ActiveCfg = Release|x86
		{88DA6B9B-5D8E-41AC-B272-7E836A499CBC}.Release|Mixed Platforms.Build.0 = Release|x86
		{88DA6B9B-5D8E-41AC-B272-7E836A499CBC}.Release|x86.ActiveCfg = Release|x86
		{88DA6B9B-5D8E-41AC-B272-7E836A499CBC}.Release|x86.Build.0 = Release|x86
		{A0B866DF-CC89-4EC6-9EB6-5EF4F874D2BC}.Debug|Any CPU.ActiveCfg = Debug|x86
		{A0B866DF-CC89-4EC6-9EB6-5EF4F874D2BC}.Debug|Mixed Platforms.ActiveCfg = Debug|x86
		{A0B866DF-CC89-4EC6-9EB6-5EF4F874D2BC}.Debug|x86.ActiveCfg = Debug|x86
		{A0B866DF-CC89-4EC6-9EB6-5EF4F874D2BC}.Release|Any CPU.ActiveCfg = Release|x86
		{A0B866DF-CC89-4EC6-9EB6-5EF4F874D2BC}.Release|Mixed Platforms.ActiveCfg = Release|x86
		{A0B866DF-CC89-4EC6-9EB6-5EF4F874D2BC}.Release|x86.ActiveCfg = Release|x86
		{F7F8100C-59D6-4734-8139-2EC13B76A31F}.Debug|Any CPU.ActiveCfg = Debug|Any CPU
		{F7F8100C-59D6-4734-8139-2EC13B76A31F}.Debug|Any CPU.Build.0 = Debug|Any CPU
		{F7F8100C-59D6-4734-8139-2EC13B76A31F}.Debug|Mixed Platforms.ActiveCfg = Debug|Any CPU
		{F7F8100C-59D6-4734-8139-2EC13B76A31F}.Debug|Mixed Platforms.Build.0 = Debug|Any CPU
		{F7F8100C-59D6-4734-8139-2EC13B76A31F}.Debug|x86.ActiveCfg = Debug|Any CPU
		{F7F8100C-59D6-4734-8139-2EC13B76A31F}.Release|Any CPU.ActiveCfg = Release|Any CPU
		{F7F8100C-59D6-4734-8139-2EC13B76A31F}.Release|Any CPU.Build.0 = Release|Any CPU
		{F7F8100C-59D6-4734-8139-2EC13B76A31F}.Release|Mixed Platforms.ActiveCfg = Release|Any CPU
		{F7F8100C-59D6-4734-8139-2EC13B76A31F}.Release|Mixed Platforms.Build.0 = Release|Any CPU
		{F7F8100C-59D6-4734-8139-2EC13B76A31F}.Release|x86.ActiveCfg = Release|Any CPU
	EndGlobalSection
	GlobalSection(SolutionProperties) = preSolution
		HideSolutionNode = FALSE
	EndGlobalSection
EndGlobal
